
Microsoft Visual Studio Solution File, Format Version 12.00
# Visual Studio Version 17
VisualStudioVersion = 17.9.34728.123
MinimumVisualStudioVersion = 10.0.40219.1
Project("{FAE04EC0-301F-11D3-BF4B-00C04F79EFBC}") = "acrescimosalario", "acrescimosalario\acrescimosalario.csproj", "{5AF9D107-4C8A-420E-8F7D-8FECE45D197E}"
EndProject
Global
	GlobalSection(SolutionConfigurationPlatforms) = preSolution
		Debug|Any CPU = Debug|Any CPU
		Release|Any CPU = Release|Any CPU
	EndGlobalSection
	GlobalSection(ProjectConfigurationPlatforms) = postSolution
		{5AF9D107-4C8A-420E-8F7D-8FECE45D197E}.Debug|Any CPU.ActiveCfg = Debug|Any CPU
		{5AF9D107-4C8A-420E-8F7D-8FECE45D197E}.Debug|Any CPU.Build.0 = Debug|Any CPU
		{5AF9D107-4C8A-420E-8F7D-8FECE45D197E}.Release|Any CPU.ActiveCfg = Release|Any CPU
		{5AF9D107-4C8A-420E-8F7D-8FECE45D197E}.Release|Any CPU.Build.0 = Release|Any CPU
	EndGlobalSection
	GlobalSection(SolutionProperties) = preSolution
		HideSolutionNode = FALSE
	EndGlobalSection
	GlobalSection(ExtensibilityGlobals) = postSolution
		SolutionGuid = {933842BB-F33F-4D37-8275-688739232732}
	EndGlobalSection
EndGlobal
